Microsoft Visual Studio Solution File, Format Version 12.00
# Visual Studio Version 17
VisualStudioVersion = 17.0.31903.59
MinimumVisualStudioVersion = 10.0.40219.1
Project("{FAE04EC0-301F-11D3-BF4B-00C04F79EFBC}") = "Authservice.Server", "Authservice.Server\Authservice.Server.csproj", "{BA7705E5-73AC-4ACD-91CA-C3819D824DA9}"
EndProject
Project("{FAE04EC0-301F-11D3-BF4B-00C04F79EFBC}") = "Authservice.Tests", "Authservice.Tests\Authservice.Tests.csproj", "{984083E0-57AF-403A-97F6-B3531BA88B74}"
EndProject
Global
	GlobalSection(SolutionConfigurationPlatforms) = preSolution
		Debug|Any CPU = Debug|Any CPU
		Release|Any CPU = Release|Any CPU
	EndGlobalSection
	GlobalSection(ProjectConfigurationPlatforms) = postSolution
		{BA7705E5-73AC-4ACD-91CA-C3819D824DA9}.Debug|Any CPU.ActiveCfg = Debug|Any CPU
		{BA7705E5-73AC-4ACD-91CA-C3819D824DA9}.Debug|Any CPU.Build.0 = Debug|Any CPU
		{BA7705E5-73AC-4ACD-91CA-C3819D824DA9}.Release|Any CPU.ActiveCfg = Release|Any CPU
		{BA7705E5-73AC-4ACD-91CA-C3819D824DA9}.Release|Any CPU.Build.0 = Release|Any CPU
		{984083E0-57AF-403A-97F6-B3531BA88B74}.Debug|Any CPU.ActiveCfg = Debug|Any CPU
		{984083E0-57AF-403A-97F6-B3531BA88B74}.Debug|Any CPU.Build.0 = Debug|Any CPU
		{984083E0-57AF-403A-97F6-B3531BA88B74}.Release|Any CPU.ActiveCfg = Release|Any CPU
		{984083E0-57AF-403A-97F6-B3531BA88B74}.Release|Any CPU.Build.0 = Release|Any CPU
	EndGlobalSection
EndGlobal
